
Microsoft Visual Studio Solution File, Format Version 12.00
# Visual Studio 14
VisualStudioVersion = 14.0.24720.0
MinimumVisualStudioVersion = 10.0.40219.1
Project("{FAE04EC0-301F-11D3-BF4B-00C04F79EFBC}") = "OLIOT", "OLIOT\OLIOT.csproj", "{602584BB-62A2-4F7B-BADA-1E6171E2F836}"
EndProject
Project("{FAE04EC0-301F-11D3-BF4B-00C04F79EFBC}") = "JAMK.IT", "JAMK.IT\JAMK.IT.csproj", "{8DF16AF3-B942-4605-B079-39F428B2EB30}"
EndProject
Project("{FAE04EC0-301F-11D3-BF4B-00C04F79EFBC}") = "Kokoelmaluokat", "Kokoelmaluokat\Kokoelmaluokat.csproj", "{B08C188A-9FFB-41D1-B6E0-E8E57F1E5E54}"
EndProject
Project("{FAE04EC0-301F-11D3-BF4B-00C04F79EFBC}") = "LABRA07", "LABRA07\LABRA07.csproj", "{9149FA32-A8D9-4E7B-96E8-840A41C62668}"
EndProject
Project("{FAE04EC0-301F-11D3-BF4B-00C04F79EFBC}") = "CALCTEST", "LABRA08\CALCTEST.csproj", "{CD903243-4D91-49EC-9766-8699F9DB27B8}"
EndProject
Project("{FAE04EC0-301F-11D3-BF4B-00C04F79EFBC}") = "CALCTESTtests", "LABRA08Tests\CALCTESTtests.csproj", "{1BEB7E50-D08A-48D0-AA6E-8C22F502432E}"
EndProject
Project("{FAE04EC0-301F-11D3-BF4B-00C04F79EFBC}") = "LABRA08", "LABRA08-\LABRA08.csproj", "{23E80766-F6DA-4C52-A01A-46905B95F23B}"
EndProject
Project("{FAE04EC0-301F-11D3-BF4B-00C04F79EFBC}") = "LABRA08Tests", "LABRA08Tests\LABRA08Tests.csproj", "{27609080-3210-4CC0-8EA2-020F8E647EFB}"
EndProject
Global
	GlobalSection(SolutionConfigurationPlatforms) = preSolution
		Debug|Any CPU = Debug|Any CPU
		Release|Any CPU = Release|Any CPU
	EndGlobalSection
	GlobalSection(ProjectConfigurationPlatforms) = postSolution
		{602584BB-62A2-4F7B-BADA-1E6171E2F836}.Debug|Any CPU.ActiveCfg = Debug|Any CPU
		{602584BB-62A2-4F7B-BADA-1E6171E2F836}.Debug|Any CPU.Build.0 = Debug|Any CPU
		{602584BB-62A2-4F7B-BADA-1E6171E2F836}.Release|Any CPU.ActiveCfg = Release|Any CPU
		{602584BB-62A2-4F7B-BADA-1E6171E2F836}.Release|Any CPU.Build.0 = Release|Any CPU
		{8DF16AF3-B942-4605-B079-39F428B2EB30}.Debug|Any CPU.ActiveCfg = Debug|Any CPU
		{8DF16AF3-B942-4605-B079-39F428B2EB30}.Debug|Any CPU.Build.0 = Debug|Any CPU
		{8DF16AF3-B942-4605-B079-39F428B2EB30}.Release|Any CPU.ActiveCfg = Release|Any CPU
		{8DF16AF3-B942-4605-B079-39F428B2EB30}.Release|Any CPU.Build.0 = Release|Any CPU
		{B08C188A-9FFB-41D1-B6E0-E8E57F1E5E54}.Debug|Any CPU.ActiveCfg = Debug|Any CPU
		{B08C188A-9FFB-41D1-B6E0-E8E57F1E5E54}.Debug|Any CPU.Build.0 = Debug|Any CPU
		{B08C188A-9FFB-41D1-B6E0-E8E57F1E5E54}.Release|Any CPU.ActiveCfg = Release|Any CPU
		{B08C188A-9FFB-41D1-B6E0-E8E57F1E5E54}.Release|Any CPU.Build.0 = Release|Any CPU
		{9149FA32-A8D9-4E7B-96E8-840A41C62668}.Debug|Any CPU.ActiveCfg = Debug|Any CPU
		{9149FA32-A8D9-4E7B-96E8-840A41C62668}.Debug|Any CPU.Build.0 = Debug|Any CPU
		{9149FA32-A8D9-4E7B-96E8-840A41C62668}.Release|Any CPU.ActiveCfg = Release|Any CPU
		{9149FA32-A8D9-4E7B-96E8-840A41C62668}.Release|Any CPU.Build.0 = Release|Any CPU
		{CD903243-4D91-49EC-9766-8699F9DB27B8}.Debug|Any CPU.ActiveCfg = Debug|Any CPU
		{CD903243-4D91-49EC-9766-8699F9DB27B8}.Debug|Any CPU.Build.0 = Debug|Any CPU
		{CD903243-4D91-49EC-9766-8699F9DB27B8}.Release|Any CPU.ActiveCfg = Release|Any CPU
		{CD903243-4D91-49EC-9766-8699F9DB27B8}.Release|Any CPU.Build.0 = Release|Any CPU
		{1BEB7E50-D08A-48D0-AA6E-8C22F502432E}.Debug|Any CPU.ActiveCfg = Debug|Any CPU
		{1BEB7E50-D08A-48D0-AA6E-8C22F502432E}.Debug|Any CPU.Build.0 = Debug|Any CPU
		{1BEB7E50-D08A-48D0-AA6E-8C22F502432E}.Release|Any CPU.ActiveCfg = Release|Any CPU
		{1BEB7E50-D08A-48D0-AA6E-8C22F502432E}.Release|Any CPU.Build.0 = Release|Any CPU
		{23E80766-F6DA-4C52-A01A-46905B95F23B}.Debug|Any CPU.ActiveCfg = Debug|Any CPU
		{23E80766-F6DA-4C52-A01A-46905B95F23B}.Debug|Any CPU.Build.0 = Debug|Any CPU
		{23E80766-F6DA-4C52-A01A-46905B95F23B}.Release|Any CPU.ActiveCfg = Release|Any CPU
		{23E80766-F6DA-4C52-A01A-46905B95F23B}.Release|Any CPU.Build.0 = Release|Any CPU
		{27609080-3210-4CC0-8EA2-020F8E647EFB}.Debug|Any CPU.ActiveCfg = Debug|Any CPU
		{27609080-3210-4CC0-8EA2-020F8E647EFB}.Debug|Any CPU.Build.0 = Debug|Any CPU
		{27609080-3210-4CC0-8EA2-020F8E647EFB}.Release|Any CPU.ActiveCfg = Release|Any CPU
		{27609080-3210-4CC0-8EA2-020F8E647EFB}.Release|Any CPU.Build.0 = Release|Any CPU
	EndGlobalSection
	GlobalSection(SolutionProperties) = preSolution
		HideSolutionNode = FALSE
	EndGlobalSection
EndGlobal
